// !$*UTF8*$!
{
	archiveVersion = 1;
	classes = {
	};
	objectVersion = 48;
	objects = {

/* Begin PBXBuildFile section */
		BF0085311FB1978600D63C83 /* main.cpp in Sources */ = {isa = PBXBuildFile; fileRef = BF0085271FB1975600D63C83 /* main.cpp */; };
		BF0BBB271F95FA5200E89F6C /* main.cpp in Sources */ = {isa = PBXBuildFile; fileRef = BF0BBB261F95FA3C00E89F6C /* main.cpp */; };
		BF0BBB331F9605BD00E89F6C /* main.cpp in Sources */ = {isa = PBXBuildFile; fileRef = BF0BBB321F9605AE00E89F6C /* main.cpp */; };
		BF7A4A111FB05DAB0066E5D2 /* main.cpp in Sources */ = {isa = PBXBuildFile; fileRef = BF7A4A071FB05D950066E5D2 /* main.cpp */; };
/* End PBXBuildFile section */

/* Begin PBXCopyFilesBuildPhase section */
		BF00852C1FB1977500D63C83 /* CopyFiles */ = {
			isa = PBXCopyFilesBuildPhase;
			buildActionMask = 2147483647;
			dstPath = /usr/share/man/man1/;
			dstSubfolderSpec = 0;
			files = (
			);
			runOnlyForDeploymentPostprocessing = 1;
		};
		BF0BBB191F95F99800E89F6C /* CopyFiles */ = {
			isa = PBXCopyFilesBuildPhase;
			buildActionMask = 2147483647;
			dstPath = /usr/share/man/man1/;
			dstSubfolderSpec = 0;
			files = (
			);
			runOnlyForDeploymentPostprocessing = 1;
		};
		BF0BBB2C1F96058E00E89F6C /* CopyFiles */ = {
			isa = PBXCopyFilesBuildPhase;
			buildActionMask = 2147483647;
			dstPath = /usr/share/man/man1/;
			dstSubfolderSpec = 0;
			files = (
			);
			runOnlyForDeploymentPostprocessing = 1;
		};
		BF7A4A0C1FB05D9F0066E5D2 /* CopyFiles */ = {
			isa = PBXCopyFilesBuildPhase;
			buildActionMask = 2147483647;
			dstPath = /usr/share/man/man1/;
			dstSubfolderSpec = 0;
			files = (
			);
			runOnlyForDeploymentPostprocessing = 1;
		};
/* End PBXCopyFilesBuildPhase section */

/* Begin PBXFileReference section */
		BF0085271FB1975600D63C83 /* main.cpp */ = {isa = PBXFileReference; lastKnownFileType = sourcecode.cpp.cpp; path = main.cpp; sourceTree = "<group>"; };
		BF0085301FB1977500D63C83 /* MST */ = {isa = PBXFileReference; explicitFileType = "compiled.mach-o.executable"; includeInIndex = 0; path = MST; sourceTree = BUILT_PRODUCTS_DIR; };
		BF0085321FB1BE0A00D63C83 /* preview.png */ = {isa = PBXFileReference; lastKnownFileType = image.png; path = preview.png; sourceTree = "<group>"; };
		BF0BBB1B1F95F99800E89F6C /* BinaryTree */ = {isa = PBXFileReference; explicitFileType = "compiled.mach-o.executable"; includeInIndex = 0; path = BinaryTree; sourceTree = BUILT_PRODUCTS_DIR; };
		BF0BBB261F95FA3C00E89F6C /* main.cpp */ = {isa = PBXFileReference; lastKnownFileType = sourcecode.cpp.cpp; path = main.cpp; sourceTree = "<group>"; };
		BF0BBB301F96058E00E89F6C /* HuffmanTree */ = {isa = PBXFileReference; explicitFileType = "compiled.mach-o.executable"; includeInIndex = 0; path = HuffmanTree; sourceTree = BUILT_PRODUCTS_DIR; };
		BF0BBB321F9605AE00E89F6C /* main.cpp */ = {isa = PBXFileReference; lastKnownFileType = sourcecode.cpp.cpp; path = main.cpp; sourceTree = "<group>"; };
		BF7A4A071FB05D950066E5D2 /* main.cpp */ = {isa = PBXFileReference; lastKnownFileType = sourcecode.cpp.cpp; path = main.cpp; sourceTree = "<group>"; };
		BF7A4A101FB05D9F0066E5D2 /* Graph */ = {isa = PBXFileReference; explicitFileType = "compiled.mach-o.executable"; includeInIndex = 0; path = Graph; sourceTree = BUILT_PRODUCTS_DIR; };
		BF848BD21FB0857000597F6C /* preview.png */ = {isa = PBXFileReference; lastKnownFileType = image.png; path = preview.png; sourceTree = "<group>"; };
/* End PBXFileReference section */

/* Begin PBXFrameworksBuildPhase section */
		BF00852B1FB1977500D63C83 /* Frameworks */ = {
			isa = PBXFrameworksBuildPhase;
			buildActionMask = 2147483647;
			files = (
			);
			runOnlyForDeploymentPostprocessing = 0;
		};
		BF0BBB181F95F99800E89F6C /* Frameworks */ = {
			isa = PBXFrameworksBuildPhase;
			buildActionMask = 2147483647;
			files = (
			);
			runOnlyForDeploymentPostprocessing = 0;
		};
		BF0BBB2B1F96058E00E89F6C /* Frameworks */ = {
			isa = PBXFrameworksBuildPhase;
			buildActionMask = 2147483647;
			files = (
			);
			runOnlyForDeploymentPostprocessing = 0;
		};
		BF7A4A0B1FB05D9F0066E5D2 /* Frameworks */ = {
			isa = PBXFrameworksBuildPhase;
			buildActionMask = 2147483647;
			files = (
			);
			runOnlyForDeploymentPostprocessing = 0;
		};
/* End PBXFrameworksBuildPhase section */

/* Begin PBXGroup section */
		BF0085261FB1975600D63C83 /* MST */ = {
			isa = PBXGroup;
			children = (
				BF0085321FB1BE0A00D63C83 /* preview.png */,
				BF0085271FB1975600D63C83 /* main.cpp */,
			);
			path = MST;
			sourceTree = "<group>";
		};
		BF0BBB121F95F99800E89F6C = {
			isa = PBXGroup;
			children = (
				BF0BBB1D1F95F99800E89F6C /* CommonAlgorithms */,
				BF0BBB1C1F95F99800E89F6C /* Products */,
			);
			sourceTree = "<group>";
		};
		BF0BBB1C1F95F99800E89F6C /* Products */ = {
			isa = PBXGroup;
			children = (
				BF0BBB1B1F95F99800E89F6C /* BinaryTree */,
				BF0BBB301F96058E00E89F6C /* HuffmanTree */,
				BF7A4A101FB05D9F0066E5D2 /* Graph */,
				BF0085301FB1977500D63C83 /* MST */,
			);
			name = Products;
			sourceTree = "<group>";
		};
		BF0BBB1D1F95F99800E89F6C /* CommonAlgorithms */ = {
			isa = PBXGroup;
			children = (
				BF0BBB251F95FA3C00E89F6C /* BinaryTree */,
				BF0BBB311F9605AE00E89F6C /* HuffmanTree */,
				BF7A4A061FB05D950066E5D2 /* Graph */,
				BF0085261FB1975600D63C83 /* MST */,
			);
			path = CommonAlgorithms;
			sourceTree = "<group>";
		};
		BF0BBB251F95FA3C00E89F6C /* BinaryTree */ = {
			isa = PBXGroup;
			children = (
				BF0BBB261F95FA3C00E89F6C /* main.cpp */,
			);
			path = BinaryTree;
			sourceTree = "<group>";
		};
		BF0BBB311F9605AE00E89F6C /* HuffmanTree */ = {
			isa = PBXGroup;
			children = (
				BF0BBB321F9605AE00E89F6C /* main.cpp */,
			);
			name = HuffmanTree;
			path = CommonAlgorithms/HuffmanTree;
			sourceTree = SOURCE_ROOT;
		};
		BF7A4A061FB05D950066E5D2 /* Graph */ = {
			isa = PBXGroup;
			children = (
				BF848BD21FB0857000597F6C /* preview.png */,
				BF7A4A071FB05D950066E5D2 /* main.cpp */,
			);
			name = Graph;
			path = CommonAlgorithms/Graph;
			sourceTree = SOURCE_ROOT;
		};
/* End PBXGroup section */

/* Begin PBXNativeTarget section */
		BF0085281FB1977500D63C83 /* MST */ = {
			isa = PBXNativeTarget;
			buildConfigurationList = BF00852D1FB1977500D63C83 /* Build configuration list for PBXNativeTarget "MST" */;
			buildPhases = (
				BF0085291FB1977500D63C83 /* Sources */,
				BF00852B1FB1977500D63C83 /* Frameworks */,
				BF00852C1FB1977500D63C83 /* CopyFiles */,
			);
			buildRules = (
			);
			dependencies = (
			);
			name = MST;
			productName = CommonAlgorithms;
			productReference = BF0085301FB1977500D63C83 /* MST */;
			productType = "com.apple.product-type.tool";
		};
		BF0BBB1A1F95F99800E89F6C /* BinaryTree */ = {
			isa = PBXNativeTarget;
			buildConfigurationList = BF0BBB221F95F99800E89F6C /* Build configuration list for PBXNativeTarget "BinaryTree" */;
			buildPhases = (
				BF0BBB171F95F99800E89F6C /* Sources */,
				BF0BBB181F95F99800E89F6C /* Frameworks */,
				BF0BBB191F95F99800E89F6C /* CopyFiles */,
			);
			buildRules = (
			);
			dependencies = (
			);
			name = BinaryTree;
			productName = CommonAlgorithms;
			productReference = BF0BBB1B1F95F99800E89F6C /* BinaryTree */;
			productType = "com.apple.product-type.tool";
		};
		BF0BBB281F96058E00E89F6C /* HuffmanTree */ = {
			isa = PBXNativeTarget;
			buildConfigurationList = BF0BBB2D1F96058E00E89F6C /* Build configuration list for PBXNativeTarget "HuffmanTree" */;
			buildPhases = (
				BF0BBB291F96058E00E89F6C /* Sources */,
				BF0BBB2B1F96058E00E89F6C /* Frameworks */,
				BF0BBB2C1F96058E00E89F6C /* CopyFiles */,
			);
			buildRules = (
			);
			dependencies = (
			);
			name = HuffmanTree;
			productName = CommonAlgorithms;
			productReference = BF0BBB301F96058E00E89F6C /* HuffmanTree */;
			productType = "com.apple.product-type.tool";
		};
		BF7A4A081FB05D9F0066E5D2 /* Graph */ = {
			isa = PBXNativeTarget;
			buildConfigurationList = BF7A4A0D1FB05D9F0066E5D2 /* Build configuration list for PBXNativeTarget "Graph" */;
			buildPhases = (
				BF7A4A091FB05D9F0066E5D2 /* Sources */,
				BF7A4A0B1FB05D9F0066E5D2 /* Frameworks */,
				BF7A4A0C1FB05D9F0066E5D2 /* CopyFiles */,
			);
			buildRules = (
			);
			dependencies = (
			);
			name = Graph;
			productName = CommonAlgorithms;
			productReference = BF7A4A101FB05D9F0066E5D2 /* Graph */;
			productType = "com.apple.product-type.tool";
		};
/* End PBXNativeTarget section */

/* Begin PBXProject section */
		BF0BBB131F95F99800E89F6C /* Project object */ = {
			isa = PBXProject;
			attributes = {
				LastUpgradeCheck = 0900;
				ORGANIZATIONNAME = vincent;
				TargetAttributes = {
					BF0085281FB1977500D63C83 = {
						ProvisioningStyle = Automatic;
					};
					BF0BBB1A1F95F99800E89F6C = {
						CreatedOnToolsVersion = 9.0;
						ProvisioningStyle = Automatic;
					};
					BF0BBB281F96058E00E89F6C = {
						ProvisioningStyle = Automatic;
					};
					BF7A4A081FB05D9F0066E5D2 = {
						ProvisioningStyle = Automatic;
					};
				};
			};
			buildConfigurationList = BF0BBB161F95F99800E89F6C /* Build configuration list for PBXProject "CommonAlgorithms" */;
			compatibilityVersion = "Xcode 8.0";
			developmentRegion = en;
			hasScannedForEncodings = 0;
			knownRegions = (
				en,
			);
			mainGroup = BF0BBB121F95F99800E89F6C;
			productRefGroup = BF0BBB1C1F95F99800E89F6C /* Products */;
			projectDirPath = "";
			projectRoot = "";
			targets = (
				BF0BBB1A1F95F99800E89F6C /* BinaryTree */,
				BF0BBB281F96058E00E89F6C /* HuffmanTree */,
				BF7A4A081FB05D9F0066E5D2 /* Graph */,
				BF0085281FB1977500D63C83 /* MST */,
			);
		};
/* End PBXProject section */

/* Begin PBXSourcesBuildPhase section */
		BF0085291FB1977500D63C83 /* Sources */ = {
			isa = PBXSourcesBuildPhase;
			buildActionMask = 2147483647;
			files = (
				BF0085311FB1978600D63C83 /* main.cpp in Sources */,
			);
			runOnlyForDeploymentPostprocessing = 0;
		};
		BF0BBB171F95F99800E89F6C /* Sources */ = {
			isa = PBXSourcesBuildPhase;
			buildActionMask = 2147483647;
			files = (
				BF0BBB271F95FA5200E89F6C /* main.cpp in Sources */,
			);
			runOnlyForDeploymentPostprocessing = 0;
		};
		BF0BBB291F96058E00E89F6C /* Sources */ = {
			isa = PBXSourcesBuildPhase;
			buildActionMask = 2147483647;
			files = (
				BF0BBB331F9605BD00E89F6C /* main.cpp in Sources */,
			);
			runOnlyForDeploymentPostprocessing = 0;
		};
		BF7A4A091FB05D9F0066E5D2 /* Sources */ = {
			isa = PBXSourcesBuildPhase;
			buildActionMask = 2147483647;
			files = (
				BF7A4A111FB05DAB0066E5D2 /* main.cpp in Sources */,
			);
			runOnlyForDeploymentPostprocessing = 0;
		};
/* End PBXSourcesBuildPhase section */

/* Begin XCBuildConfiguration section */
		BF00852E1FB1977500D63C83 /* Debug */ = {
			isa = XCBuildConfiguration;
			buildSettings = {
				CODE_SIGN_STYLE = Automatic;
				CONFIGURATION_BUILD_DIR = "$(PROJECT_DIR)/bin";
				PRODUCT_NAME = "$(TARGET_NAME)";
			};
			name = Debug;
		};
		BF00852F1FB1977500D63C83 /* Release */ = {
			isa = XCBuildConfiguration;
			buildSettings = {
				CODE_SIGN_STYLE = Automatic;
				CONFIGURATION_BUILD_DIR = "$(PROJECT_DIR)/bin";
				PRODUCT_NAME = "$(TARGET_NAME)";
			};
			name = Release;
		};
		BF0BBB201F95F99800E89F6C /* Debug */ = {
			isa = XCBuildConfiguration;
			buildSettings = {
				ALWAYS_SEARCH_USER_PATHS = NO;
				CLANG_ANALYZER_NONNULL = YES;
				CLANG_ANALYZER_NUMBER_OBJECT_CONVERSION = YES_AGGRESSIVE;
				CLANG_CXX_LANGUAGE_STANDARD = "gnu++14";
				CLANG_CXX_LIBRARY = "libc++";
				CLANG_ENABLE_MODULES = YES;
				CLANG_ENABLE_OBJC_ARC = YES;
				CLANG_WARN_BLOCK_CAPTURE_AUTORELEASING = YES;
				CLANG_WARN_BOOL_CONVERSION = YES;
				CLANG_WARN_COMMA = YES;
				CLANG_WARN_CONSTANT_CONVERSION = YES;
				CLANG_WARN_DIRECT_OBJC_ISA_USAGE = YES_ERROR;
				CLANG_WARN_DOCUMENTATION_COMMENTS = YES;
				CLANG_WARN_EMPTY_BODY = YES;
				CLANG_WARN_ENUM_CONVERSION = YES;
				CLANG_WARN_INFINITE_RECURSION = YES;
				CLANG_WARN_INT_CONVERSION = YES;
				CLANG_WARN_NON_LITERAL_NULL_CONVERSION = YES;
				CLANG_WARN_OBJC_LITERAL_CONVERSION = YES;
				CLANG_WARN_OBJC_ROOT_CLASS = YES_ERROR;
				CLANG_WARN_RANGE_LOOP_ANALYSIS = YES;
				CLANG_WARN_STRICT_PROTOTYPES = YES;
				CLANG_WARN_SUSPICIOUS_MOVE = YES;
				CLANG_WARN_UNGUARDED_AVAILABILITY = YES_AGGRESSIVE;
				CLANG_WARN_UNREACHABLE_CODE = YES;
				CLANG_WARN__DUPLICATE_METHOD_MATCH = YES;
				CODE_SIGN_IDENTITY = "-";
				COPY_PHASE_STRIP = NO;
				DEBUG_INFORMATION_FORMAT = dwarf;
				ENABLE_STRICT_OBJC_MSGSEND = YES;
				ENABLE_TESTABILITY = YES;
				GCC_C_LANGUAGE_STANDARD = gnu11;
				GCC_DYNAMIC_NO_PIC = NO;
				GCC_NO_COMMON_BLOCKS = YES;
				GCC_OPTIMIZATION_LEVEL = 0;
				GCC_PREPROCESSOR_DEFINITIONS = (
					"DEBUG=1",
					"$(inherited)",
				);
				GCC_WARN_64_TO_32_BIT_CONVERSION = YES;
				GCC_WARN_ABOUT_RETURN_TYPE = YES_ERROR;
				GCC_WARN_UNDECLARED_SELECTOR = YES;
				GCC_WARN_UNINITIALIZED_AUTOS = YES_AGGRESSIVE;
				GCC_WARN_UNUSED_FUNCTION = YES;
				GCC_WARN_UNUSED_VARIABLE = YES;
				MACOSX_DEPLOYMENT_TARGET = 10.12;
				MTL_ENABLE_DEBUG_INFO = YES;
				ONLY_ACTIVE_ARCH = YES;
				SDKROOT = macosx;
			};
			name = Debug;
		};
		BF0BBB211F95F99800E89F6C /* Release */ = {
			isa = XCBuildConfiguration;
			buildSettings = {
				ALWAYS_SEARCH_USER_PATHS = NO;
				CLANG_ANALYZER_NONNULL = YES;
				CLANG_ANALYZER_NUMBER_OBJECT_CONVERSION = YES_AGGRESSIVE;
				CLANG_CXX_LANGUAGE_STANDARD = "gnu++14";
				CLANG_CXX_LIBRARY = "libc++";
				CLANG_ENABLE_MODULES = YES;
				CLANG_ENABLE_OBJC_ARC = YES;
				CLANG_WARN_BLOCK_CAPTURE_AUTORELEASING = YES;
				CLANG_WARN_BOOL_CONVERSION = YES;
				CLANG_WARN_COMMA = YES;
				CLANG_WARN_CONSTANT_CONVERSION = YES;
				CLANG_WARN_DIRECT_OBJC_ISA_USAGE = YES_ERROR;
				CLANG_WARN_DOCUMENTATION_COMMENTS = YES;
				CLANG_WARN_EMPTY_BODY = YES;
				CLANG_WARN_ENUM_CONVERSION = YES;
				CLANG_WARN_INFINITE_RECURSION = YES;
				CLANG_WARN_INT_CONVERSION = YES;
				CLANG_WARN_NON_LITERAL_NULL_CONVERSION = YES;
				CLANG_WARN_OBJC_LITERAL_CONVERSION = YES;
				CLANG_WARN_OBJC_ROOT_CLASS = YES_ERROR;
				CLANG_WARN_RANGE_LOOP_ANALYSIS = YES;
				CLANG_WARN_STRICT_PROTOTYPES = YES;
				CLANG_WARN_SUSPICIOUS_MOVE = YES;
				CLANG_WARN_UNGUARDED_AVAILABILITY = YES_AGGRESSIVE;
				CLANG_WARN_UNREACHABLE_CODE = YES;
				CLANG_WARN__DUPLICATE_METHOD_MATCH = YES;
				CODE_SIGN_IDENTITY = "-";
				COPY_PHASE_STRIP = NO;
				DEBUG_INFORMATION_FORMAT = "dwarf-with-dsym";
				ENABLE_NS_ASSERTIONS = NO;
				ENABLE_STRICT_OBJC_MSGSEND = YES;
				GCC_C_LANGUAGE_STANDARD = gnu11;
				GCC_NO_COMMON_BLOCKS = YES;
				GCC_WARN_64_TO_32_BIT_CONVERSION = YES;
				GCC_WARN_ABOUT_RETURN_TYPE = YES_ERROR;
				GCC_WARN_UNDECLARED_SELECTOR = YES;
				GCC_WARN_UNINITIALIZED_AUTOS = YES_AGGRESSIVE;
				GCC_WARN_UNUSED_FUNCTION = YES;
				GCC_WARN_UNUSED_VARIABLE = YES;
				MACOSX_DEPLOYMENT_TARGET = 10.12;
				MTL_ENABLE_DEBUG_INFO = NO;
				SDKROOT = macosx;
			};
			name = Release;
		};
		BF0BBB231F95F99800E89F6C /* Debug */ = {
			isa = XCBuildConfiguration;
			buildSettings = {
				CODE_SIGN_STYLE = Automatic;
				CONFIGURATION_BUILD_DIR = "$(PROJECT_DIR)/bin";
				PRODUCT_NAME = "$(TARGET_NAME)";
			};
			name = Debug;
		};
		BF0BBB241F95F99800E89F6C /* Release */ = {
			isa = XCBuildConfiguration;
			buildSettings = {
				CODE_SIGN_STYLE = Automatic;
				CONFIGURATION_BUILD_DIR = "$(PROJECT_DIR)/bin";
				PRODUCT_NAME = "$(TARGET_NAME)";
			};
			name = Release;
		};
		BF0BBB2E1F96058E00E89F6C /* Debug */ = {
			isa = XCBuildConfiguration;
			buildSettings = {
				CODE_SIGN_STYLE = Automatic;
				CONFIGURATION_BUILD_DIR = "$(PROJECT_DIR)/bin";
				PRODUCT_NAME = "$(TARGET_NAME)";
			};
			name = Debug;
		};
		BF0BBB2F1F96058E00E89F6C /* Release */ = {
			isa = XCBuildConfiguration;
			buildSettings = {
				CODE_SIGN_STYLE = Automatic;
				CONFIGURATION_BUILD_DIR = "$(PROJECT_DIR)/bin";
				PRODUCT_NAME = "$(TARGET_NAME)";
			};
			name = Release;
		};
		BF7A4A0E1FB05D9F0066E5D2 /* Debug */ = {
			isa = XCBuildConfiguration;
			buildSettings = {
				CODE_SIGN_STYLE = Automatic;
				CONFIGURATION_BUILD_DIR = "$(PROJECT_DIR)/bin";
				PRODUCT_NAME = "$(TARGET_NAME)";
			};
			name = Debug;
		};
		BF7A4A0F1FB05D9F0066E5D2 /* Release */ = {
			isa = XCBuildConfiguration;
			buildSettings = {
				CODE_SIGN_STYLE = Automatic;
				CONFIGURATION_BUILD_DIR = "$(PROJECT_DIR)/bin";
				PRODUCT_NAME = "$(TARGET_NAME)";
			};
			name = Release;
		};
/* End XCBuildConfiguration section */

/* Begin XCConfigurationList section */
		BF00852D1FB1977500D63C83 /* Build configuration list for PBXNativeTarget "MST" */ = {
			isa = XCConfigurationList;
			buildConfigurations = (
				BF00852E1FB1977500D63C83 /* Debug */,
				BF00852F1FB1977500D63C83 /* Release */,
			);
			defaultConfigurationIsVisible = 0;
			defaultConfigurationName = Release;
		};
		BF0BBB161F95F99800E89F6C /* Build configuration list for PBXProject "CommonAlgorithms" */ = {
			isa = XCConfigurationList;
			buildConfigurations = (
				BF0BBB201F95F99800E89F6C /* Debug */,
				BF0BBB211F95F99800E89F6C /* Release */,
			);
			defaultConfigurationIsVisible = 0;
			defaultConfigurationName = Release;
		};
		BF0BBB221F95F99800E89F6C /* Build configuration list for PBXNativeTarget "BinaryTree" */ = {
			isa = XCConfigurationList;
			buildConfigurations = (
				BF0BBB231F95F99800E89F6C /* Debug */,
				BF0BBB241F95F99800E89F6C /* Release */,
			);
			defaultConfigurationIsVisible = 0;
			defaultConfigurationName = Release;
		};
		BF0BBB2D1F96058E00E89F6C /* Build configuration list for PBXNativeTarget "HuffmanTree" */ = {
			isa = XCConfigurationList;
			buildConfigurations = (
				BF0BBB2E1F96058E00E89F6C /* Debug */,
				BF0BBB2F1F96058E00E89F6C /* Release */,
			);
			defaultConfigurationIsVisible = 0;
			defaultConfigurationName = Release;
		};
		BF7A4A0D1FB05D9F0066E5D2 /* Build configuration list for PBXNativeTarget "Graph" */ = {
			isa = XCConfigurationList;
			buildConfigurations = (
				BF7A4A0E1FB05D9F0066E5D2 /* Debug */,
				BF7A4A0F1FB05D9F0066E5D2 /* Release */,
			);
			defaultConfigurationIsVisible = 0;
			defaultConfigurationName = Release;
		};
/* End XCConfigurationList section */
	};
	rootObject = BF0BBB131F95F99800E89F6C /* Project object */;
}
